
Microsoft Visual Studio Solution File, Format Version 12.00
# Visual Studio Version 16
VisualStudioVersion = 16.0.32228.343
MinimumVisualStudioVersion = 10.0.40219.1
Project("{9A19103F-16F7-4668-BE54-9A1E7A4F7556}") = "Contribuintes", "Figuras\Contribuintes.csproj", "{929434D6-DC15-41DA-93E6-554E2D8E1BCE}"
EndProject
Global
	GlobalSection(SolutionConfigurationPlatforms) = preSolution
		Debug|Any CPU = Debug|Any CPU
		Release|Any CPU = Release|Any CPU
	EndGlobalSection
	GlobalSection(ProjectConfigurationPlatforms) = postSolution
		{929434D6-DC15-41DA-93E6-554E2D8E1BCE}.Debug|Any CPU.ActiveCfg = Debug|Any CPU
		{929434D6-DC15-41DA-93E6-554E2D8E1BCE}.Debug|Any CPU.Build.0 = Debug|Any CPU
		{929434D6-DC15-41DA-93E6-554E2D8E1BCE}.Release|Any CPU.ActiveCfg = Release|Any CPU
		{929434D6-DC15-41DA-93E6-554E2D8E1BCE}.Release|Any CPU.Build.0 = Release|Any CPU
	EndGlobalSection
	GlobalSection(SolutionProperties) = preSolution
		HideSolutionNode = FALSE
	EndGlobalSection
	GlobalSection(ExtensibilityGlobals) = postSolution
		SolutionGuid = {2B47D8C4-344C-4DD0-98BB-68F88902EFC7}
	EndGlobalSection
EndGlobal
